
Microsoft Visual Studio Solution File, Format Version 12.00
# Visual Studio Version 16
VisualStudioVersion = 16.0.30611.23
MinimumVisualStudioVersion = 10.0.40219.1
Project("{FAE04EC0-301F-11D3-BF4B-00C04F79EFBC}") = "Unit5Assignment", "Unit5Assignment.csproj", "{C991B7D5-13E0-4B50-8BD7-44BE69ECA8C1}"
EndProject
Global
	GlobalSection(SolutionConfigurationPlatforms) = preSolution
		Debug|Any CPU = Debug|Any CPU
		Release|Any CPU = Release|Any CPU
	EndGlobalSection
	GlobalSection(ProjectConfigurationPlatforms) = postSolution
		{C991B7D5-13E0-4B50-8BD7-44BE69ECA8C1}.Debug|Any CPU.ActiveCfg = Debug|Any CPU
		{C991B7D5-13E0-4B50-8BD7-44BE69ECA8C1}.Debug|Any CPU.Build.0 = Debug|Any CPU
		{C991B7D5-13E0-4B50-8BD7-44BE69ECA8C1}.Release|Any CPU.ActiveCfg = Release|Any CPU
		{C991B7D5-13E0-4B50-8BD7-44BE69ECA8C1}.Release|Any CPU.Build.0 = Release|Any CPU
	EndGlobalSection
	GlobalSection(SolutionProperties) = preSolution
		HideSolutionNode = FALSE
	EndGlobalSection
	GlobalSection(ExtensibilityGlobals) = postSolution
		SolutionGuid = {79954400-F97E-4586-B4CB-3D7E76946976}
	EndGlobalSection
EndGlobal
